# This file is automatically @generated by Poetry 1.5.1 and should not be changed by hand.

[[package]]
name = "bases"
version = "0.2.1"
description = "Python library for general Base-N encodings."
optional = false
python-versions = ">=3.7"
files = [
    {file = "bases-0.2.1-py3-none-any.whl", hash = "sha256:d030b5e349773ad2a067bfaaf3a9794b70d23a1f923033c15c2e0ce869854f6d"},
    {file = "bases-0.2.1.tar.gz", hash = "sha256:b0999e14725b59bff38974b00e918629e0e29f3d80a40e022c6f0f8d5cdff9d4"},
]

[package.dependencies]
typing-extensions = "*"
typing-validation = "*"

[package.extras]
dev = ["base58", "mypy", "pylint", "pytest", "pytest-cov"]

[[package]]
name = "dag-cbor"
version = "0.3.2"
description = "Python implementation of the DAG-CBOR codec."
optional = false
python-versions = ">=3.7"
files = [
    {file = "dag-cbor-0.3.2.tar.gz", hash = "sha256:d113050d6f5cb6c1a324c911684c5daa305425702585573269bef3000aa9f106"},
    {file = "dag_cbor-0.3.2-py3-none-any.whl", hash = "sha256:c78030379f385b90498711d7613af5bdb4155d5a7623211cea2b20441d5794b4"},
]

[package.dependencies]
multiformats = "*"
typing-extensions = "*"
typing-validation = "*"

[[package]]
name = "multiformats"
version = "0.2.1"
description = "Python implementation of multiformats protocols."
optional = false
python-versions = ">=3.7"
files = [
    {file = "multiformats-0.2.1-py3-none-any.whl", hash = "sha256:0655fad05cff4cb9eaae3a0f61c4cf8189857fef5a5d0ade6aa25d6b8439e204"},
    {file = "multiformats-0.2.1.tar.gz", hash = "sha256:4aee6eb5289c3cd00315e3f2b97e36b60db6af9bcec91d65f32d7155942dbef9"},
]

[package.dependencies]
bases = "*"
multiformats-config = "*"
typing-extensions = "*"
typing-validation = "*"

[package.extras]
dev = ["blake3", "mmh3", "mypy", "pycryptodomex", "pylint", "pysha3", "pyskein", "pytest", "pytest-cov"]
full = ["blake3", "mmh3", "pycryptodomex", "pysha3", "pyskein"]

[[package]]
name = "multiformats-config"
version = "0.2.0.post4"
description = "Pre-loading configuration module for the 'multiformats' package."
optional = false
python-versions = ">=3.7"
files = [
    {file = "multiformats-config-0.2.0.post4.tar.gz", hash = "sha256:3b5d0be63211681edbcf887abe149fc17b43a79d0c009fb44232af9addf7a309"},
    {file = "multiformats_config-0.2.0.post4-py3-none-any.whl", hash = "sha256:221a630732f7bb2cd6cb708b94a85da683e29618e4a2055eea1bf4f980feefce"},
]

[package.dependencies]
multiformats = "*"

[package.extras]
dev = ["mypy", "pylint", "pytest", "pytest-cov"]

[[package]]
name = "typing-extensions"
version = "4.6.3"
description = "Backported and Experimental Type Hints for Python 3.7+"
optional = false
python-versions = ">=3.7"
files = [
    {file = "typing_extensions-4.6.3-py3-none-any.whl", hash = "sha256:88a4153d8505aabbb4e13aacb7c486c2b4a33ca3b3f807914a9b4c844c471c26"},
    {file = "typing_extensions-4.6.3.tar.gz", hash = "sha256:d91d5919357fe7f681a9f2b5b4cb2a5f1ef0a1e9f59c4d8ff0d3491e05c0ffd5"},
]

[[package]]
name = "typing-validation"
version = "1.0.0.post2"
description = "A simple library for runtime type-checking."
optional = false
python-versions = ">=3.7"
files = [
    {file = "typing-validation-1.0.0.post2.tar.gz", hash = "sha256:6a30dec74373f9dca29db6f79ef65eb765a6934c09d87639cf422288933b2aa4"},
    {file = "typing_validation-1.0.0.post2-py3-none-any.whl", hash = "sha256:c9f5cb42435ee59fcf5a1a69dc88ccd5dc6f904436e61b5b8c276906a1c9e454"},
]

[package.extras]
dev = ["mypy", "pylint", "pytest", "pytest-cov", "rich"]

[metadata]
lock-version = "2.0"
python-versions = "^3.11"
content-hash = "ea813136002cb72bcaa4e30b846411d9d80d306dd75449e20fa054557b0967ca"
